// !$*UTF8*$!
{
	archiveVersion = 1;
	classes = {
	};
	objectVersion = 48;
	objects = {

/* Begin PBXBuildFile section */
		FCB051F21FAF4FC500FBE328 /* AppDelegate.swift in Sources */ = {isa = PBXBuildFile; fileRef = FCB051F11FAF4FC500FBE328 /* AppDelegate.swift */; };
		FCB051F41FAF4FC500FBE328 /* ViewController.swift in Sources */ = {isa = PBXBuildFile; fileRef = FCB051F31FAF4FC500FBE328 /* ViewController.swift */; };
		FCB051F71FAF4FC500FBE328 /* Main.storyboard in Resources */ = {isa = PBXBuildFile; fileRef = FCB051F51FAF4FC500FBE328 /* Main.storyboard */; };
		FCB051F91FAF4FC500FBE328 /* Assets.xcassets in Resources */ = {isa = PBXBuildFile; fileRef = FCB051F81FAF4FC500FBE328 /* Assets.xcassets */; };
		FCB051FC1FAF4FC500FBE328 /* LaunchScreen.storyboard in Resources */ = {isa = PBXBuildFile; fileRef = FCB051FA1FAF4FC500FBE328 /* LaunchScreen.storyboard */; };
		FCB052071FAF4FC500FBE328 /* Tip_CalculatorTests.swift in Sources */ = {isa = PBXBuildFile; fileRef = FCB052061FAF4FC500FBE328 /* Tip_CalculatorTests.swift */; };
		FCB052121FAF4FC500FBE328 /* Tip_CalculatorUITests.swift in Sources */ = {isa = PBXBuildFile; fileRef = FCB052111FAF4FC500FBE328 /* Tip_CalculatorUITests.swift */; };
/* End PBXBuildFile section */

/* Begin PBXContainerItemProxy section */
		FCB052031FAF4FC500FBE328 /* PBXContainerItemProxy */ = {
			isa = PBXContainerItemProxy;
			containerPortal = FCB051E61FAF4FC500FBE328 /* Project object */;
			proxyType = 1;
			remoteGlobalIDString = FCB051ED1FAF4FC500FBE328;
			remoteInfo = "Tip Calculator";
		};
		FCB0520E1FAF4FC500FBE328 /* PBXContainerItemProxy */ = {
			isa = PBXContainerItemProxy;
			containerPortal = FCB051E61FAF4FC500FBE328 /* Project object */;
			proxyType = 1;
			remoteGlobalIDString = FCB051ED1FAF4FC500FBE328;
			remoteInfo = "Tip Calculator";
		};
/* End PBXContainerItemProxy section */

/* Begin PBXFileReference section */
		FCB051EE1FAF4FC500FBE328 /* Tip Calculator.app */ = {isa = PBXFileReference; explicitFileType = wrapper.application; includeInIndex = 0; path = "Tip Calculator.app"; sourceTree = BUILT_PRODUCTS_DIR; };
		FCB051F11FAF4FC500FBE328 /* AppDelegate.swift */ = {isa = PBXFileReference; lastKnownFileType = sourcecode.swift; path = AppDelegate.swift; sourceTree = "<group>"; };
		FCB051F31FAF4FC500FBE328 /* ViewController.swift */ = {isa = PBXFileReference; lastKnownFileType = sourcecode.swift; path = ViewController.swift; sourceTree = "<group>"; };
		FCB051F61FAF4FC500FBE328 /* Base */ = {isa = PBXFileReference; lastKnownFileType = file.storyboard; name = Base; path = Base.lproj/Main.storyboard; sourceTree = "<group>"; };
		FCB051F81FAF4FC500FBE328 /* Assets.xcassets */ = {isa = PBXFileReference; lastKnownFileType = folder.assetcatalog; path = Assets.xcassets; sourceTree = "<group>"; };
		FCB051FB1FAF4FC500FBE328 /* Base */ = {isa = PBXFileReference; lastKnownFileType = file.storyboard; name = Base; path = Base.lproj/LaunchScreen.storyboard; sourceTree = "<group>"; };
		FCB051FD1FAF4FC500FBE328 /* Info.plist */ = {isa = PBXFileReference; lastKnownFileType = text.plist.xml; path = Info.plist; sourceTree = "<group>"; };
		FCB052021FAF4FC500FBE328 /* Tip CalculatorTests.xctest */ = {isa = PBXFileReference; explicitFileType = wrapper.cfbundle; includeInIndex = 0; path = "Tip CalculatorTests.xctest"; sourceTree = BUILT_PRODUCTS_DIR; };
		FCB052061FAF4FC500FBE328 /* Tip_CalculatorTests.swift */ = {isa = PBXFileReference; lastKnownFileType = sourcecode.swift; path = Tip_CalculatorTests.swift; sourceTree = "<group>"; };
		FCB052081FAF4FC500FBE328 /* Info.plist */ = {isa = PBXFileReference; lastKnownFileType = text.plist.xml; path = Info.plist; sourceTree = "<group>"; };
		FCB0520D1FAF4FC500FBE328 /* Tip CalculatorUITests.xctest */ = {isa = PBXFileReference; explicitFileType = wrapper.cfbundle; includeInIndex = 0; path = "Tip CalculatorUITests.xctest"; sourceTree = BUILT_PRODUCTS_DIR; };
		FCB052111FAF4FC500FBE328 /* Tip_CalculatorUITests.swift */ = {isa = PBXFileReference; lastKnownFileType = sourcecode.swift; path = Tip_CalculatorUITests.swift; sourceTree = "<group>"; };
		FCB052131FAF4FC500FBE328 /* Info.plist */ = {isa = PBXFileReference; lastKnownFileType = text.plist.xml; path = Info.plist; sourceTree = "<group>"; };
/* End PBXFileReference section */

/* Begin PBXFrameworksBuildPhase section */
		FCB051EB1FAF4FC500FBE328 /* Frameworks */ = {
			isa = PBXFrameworksBuildPhase;
			buildActionMask = 2147483647;
			files = (
			);
			runOnlyForDeploymentPostprocessing = 0;
		};
		FCB051FF1FAF4FC500FBE328 /* Frameworks */ = {
			isa = PBXFrameworksBuildPhase;
			buildActionMask = 2147483647;
			files = (
			);
			runOnlyForDeploymentPostprocessing = 0;
		};
		FCB0520A1FAF4FC500FBE328 /* Frameworks */ = {
			isa = PBXFrameworksBuildPhase;
			buildActionMask = 2147483647;
			files = (
			);
			runOnlyForDeploymentPostprocessing = 0;
		};
/* End PBXFrameworksBuildPhase section */

/* Begin PBXGroup section */
		FCB051E51FAF4FC500FBE328 = {
			isa = PBXGroup;
			children = (
				FCB051F01FAF4FC500FBE328 /* Tip Calculator */,
				FCB052051FAF4FC500FBE328 /* Tip CalculatorTests */,
				FCB052101FAF4FC500FBE328 /* Tip CalculatorUITests */,
				FCB051EF1FAF4FC500FBE328 /* Products */,
			);
			sourceTree = "<group>";
		};
		FCB051EF1FAF4FC500FBE328 /* Products */ = {
			isa = PBXGroup;
			children = (
				FCB051EE1FAF4FC500FBE328 /* Tip Calculator.app */,
				FCB052021FAF4FC500FBE328 /* Tip CalculatorTests.xctest */,
				FCB0520D1FAF4FC500FBE328 /* Tip CalculatorUITests.xctest */,
			);
			name = Products;
			sourceTree = "<group>";
		};
		FCB051F01FAF4FC500FBE328 /* Tip Calculator */ = {
			isa = PBXGroup;
			children = (
				FCB051F11FAF4FC500FBE328 /* AppDelegate.swift */,
				FCB051F31FAF4FC500FBE328 /* ViewController.swift */,
				FCB051F51FAF4FC500FBE328 /* Main.storyboard */,
				FCB051F81FAF4FC500FBE328 /* Assets.xcassets */,
				FCB051FA1FAF4FC500FBE328 /* LaunchScreen.storyboard */,
				FCB051FD1FAF4FC500FBE328 /* Info.plist */,
			);
			path = "Tip Calculator";
			sourceTree = "<group>";
		};
		FCB052051FAF4FC500FBE328 /* Tip CalculatorTests */ = {
			isa = PBXGroup;
			children = (
				FCB052061FAF4FC500FBE328 /* Tip_CalculatorTests.swift */,
				FCB052081FAF4FC500FBE328 /* Info.plist */,
			);
			path = "Tip CalculatorTests";
			sourceTree = "<group>";
		};
		FCB052101FAF4FC500FBE328 /* Tip CalculatorUITests */ = {
			isa = PBXGroup;
			children = (
				FCB052111FAF4FC500FBE328 /* Tip_CalculatorUITests.swift */,
				FCB052131FAF4FC500FBE328 /* Info.plist */,
			);
			path = "Tip CalculatorUITests";
			sourceTree = "<group>";
		};
/* End PBXGroup section */

/* Begin PBXNativeTarget section */
		FCB051ED1FAF4FC500FBE328 /* Tip Calculator */ = {
			isa = PBXNativeTarget;
			buildConfigurationList = FCB052161FAF4FC500FBE328 /* Build configuration list for PBXNativeTarget "Tip Calculator" */;
			buildPhases = (
				FCB051EA1FAF4FC500FBE328 /* Sources */,
				FCB051EB1FAF4FC500FBE328 /* Frameworks */,
				FCB051EC1FAF4FC500FBE328 /* Resources */,
			);
			buildRules = (
			);
			dependencies = (
			);
			name = "Tip Calculator";
			productName = "Tip Calculator";
			productReference = FCB051EE1FAF4FC500FBE328 /* Tip Calculator.app */;
			productType = "com.apple.product-type.application";
		};
		FCB052011FAF4FC500FBE328 /* Tip CalculatorTests */ = {
			isa = PBXNativeTarget;
			buildConfigurationList = FCB052191FAF4FC500FBE328 /* Build configuration list for PBXNativeTarget "Tip CalculatorTests" */;
			buildPhases = (
				FCB051FE1FAF4FC500FBE328 /* Sources */,
				FCB051FF1FAF4FC500FBE328 /* Frameworks */,
				FCB052001FAF4FC500FBE328 /* Resources */,
			);
			buildRules = (
			);
			dependencies = (
				FCB052041FAF4FC500FBE328 /* PBXTargetDependency */,
			);
			name = "Tip CalculatorTests";
			productName = "Tip CalculatorTests";
			productReference = FCB052021FAF4FC500FBE328 /* Tip CalculatorTests.xctest */;
			productType = "com.apple.product-type.bundle.unit-test";
		};
		FCB0520C1FAF4FC500FBE328 /* Tip CalculatorUITests */ = {
			isa = PBXNativeTarget;
			buildConfigurationList = FCB0521C1FAF4FC500FBE328 /* Build configuration list for PBXNativeTarget "Tip CalculatorUITests" */;
			buildPhases = (
				FCB052091FAF4FC500FBE328 /* Sources */,
				FCB0520A1FAF4FC500FBE328 /* Frameworks */,
				FCB0520B1FAF4FC500FBE328 /* Resources */,
			);
			buildRules = (
			);
			dependencies = (
				FCB0520F1FAF4FC500FBE328 /* PBXTargetDependency */,
			);
			name = "Tip CalculatorUITests";
			productName = "Tip CalculatorUITests";
			productReference = FCB0520D1FAF4FC500FBE328 /* Tip CalculatorUITests.xctest */;
			productType = "com.apple.product-type.bundle.ui-testing";
		};
/* End PBXNativeTarget section */

/* Begin PBXProject section */
		FCB051E61FAF4FC500FBE328 /* Project object */ = {
			isa = PBXProject;
			attributes = {
				LastSwiftUpdateCheck = 0900;
				LastUpgradeCheck = 0900;
				ORGANIZATIONNAME = "Shaurya Sinha";
				TargetAttributes = {
					FCB051ED1FAF4FC500FBE328 = {
						CreatedOnToolsVersion = 9.0;
						ProvisioningStyle = Automatic;
					};
					FCB052011FAF4FC500FBE328 = {
						CreatedOnToolsVersion = 9.0;
						ProvisioningStyle = Automatic;
						TestTargetID = FCB051ED1FAF4FC500FBE328;
					};
					FCB0520C1FAF4FC500FBE328 = {
						CreatedOnToolsVersion = 9.0;
						ProvisioningStyle = Automatic;
						TestTargetID = FCB051ED1FAF4FC500FBE328;
					};
				};
			};
			buildConfigurationList = FCB051E91FAF4FC500FBE328 /* Build configuration list for PBXProject "Tip Calculator" */;
			compatibilityVersion = "Xcode 8.0";
			developmentRegion = en;
			hasScannedForEncodings = 0;
			knownRegions = (
				en,
				Base,
			);
			mainGroup = FCB051E51FAF4FC500FBE328;
			productRefGroup = FCB051EF1FAF4FC500FBE328 /* Products */;
			projectDirPath = "";
			projectRoot = "";
			targets = (
				FCB051ED1FAF4FC500FBE328 /* Tip Calculator */,
				FCB052011FAF4FC500FBE328 /* Tip CalculatorTests */,
				FCB0520C1FAF4FC500FBE328 /* Tip CalculatorUITests */,
			);
		};
/* End PBXProject section */

/* Begin PBXResourcesBuildPhase section */
		FCB051EC1FAF4FC500FBE328 /* Resources */ = {
			isa = PBXResourcesBuildPhase;
			buildActionMask = 2147483647;
			files = (
				FCB051FC1FAF4FC500FBE328 /* LaunchScreen.storyboard in Resources */,
				FCB051F91FAF4FC500FBE328 /* Assets.xcassets in Resources */,
				FCB051F71FAF4FC500FBE328 /* Main.storyboard in Resources */,
			);
			runOnlyForDeploymentPostprocessing = 0;
		};
		FCB052001FAF4FC500FBE328 /* Resources */ = {
			isa = PBXResourcesBuildPhase;
			buildActionMask = 2147483647;
			files = (
			);
			runOnlyForDeploymentPostprocessing = 0;
		};
		FCB0520B1FAF4FC500FBE328 /* Resources */ = {
			isa = PBXResourcesBuildPhase;
			buildActionMask = 2147483647;
			files = (
			);
			runOnlyForDeploymentPostprocessing = 0;
		};
/* End PBXResourcesBuildPhase section */

/* Begin PBXSourcesBuildPhase section */
		FCB051EA1FAF4FC500FBE328 /* Sources */ = {
			isa = PBXSourcesBuildPhase;
			buildActionMask = 2147483647;
			files = (
				FCB051F41FAF4FC500FBE328 /* ViewController.swift in Sources */,
				FCB051F21FAF4FC500FBE328 /* AppDelegate.swift in Sources */,
			);
			runOnlyForDeploymentPostprocessing = 0;
		};
		FCB051FE1FAF4FC500FBE328 /* Sources */ = {
			isa = PBXSourcesBuildPhase;
			buildActionMask = 2147483647;
			files = (
				FCB052071FAF4FC500FBE328 /* Tip_CalculatorTests.swift in Sources */,
			);
			runOnlyForDeploymentPostprocessing = 0;
		};
		FCB052091FAF4FC500FBE328 /* Sources */ = {
			isa = PBXSourcesBuildPhase;
			buildActionMask = 2147483647;
			files = (
				FCB052121FAF4FC500FBE328 /* Tip_CalculatorUITests.swift in Sources */,
			);
			runOnlyForDeploymentPostprocessing = 0;
		};
/* End PBXSourcesBuildPhase section */

/* Begin PBXTargetDependency section */
		FCB052041FAF4FC500FBE328 /* PBXTargetDependency */ = {
			isa = PBXTargetDependency;
			target = FCB051ED1FAF4FC500FBE328 /* Tip Calculator */;
			targetProxy = FCB052031FAF4FC500FBE328 /* PBXContainerItemProxy */;
		};
		FCB0520F1FAF4FC500FBE328 /* PBXTargetDependency */ = {
			isa = PBXTargetDependency;
			target = FCB051ED1FAF4FC500FBE328 /* Tip Calculator */;
			targetProxy = FCB0520E1FAF4FC500FBE328 /* PBXContainerItemProxy */;
		};
/* End PBXTargetDependency section */

/* Begin PBXVariantGroup section */
		FCB051F51FAF4FC500FBE328 /* Main.storyboard */ = {
			isa = PBXVariantGroup;
			children = (
				FCB051F61FAF4FC500FBE328 /* Base */,
			);
			name = Main.storyboard;
			sourceTree = "<group>";
		};
		FCB051FA1FAF4FC500FBE328 /* LaunchScreen.storyboard */ = {
			isa = PBXVariantGroup;
			children = (
				FCB051FB1FAF4FC500FBE328 /* Base */,
			);
			name = LaunchScreen.storyboard;
			sourceTree = "<group>";
		};
/* End PBXVariantGroup section */

/* Begin XCBuildConfiguration section */
		FCB052141FAF4FC500FBE328 /* Debug */ = {
			isa = XCBuildConfiguration;
			buildSettings = {
				ALWAYS_SEARCH_USER_PATHS = NO;
				CLANG_ANALYZER_NONNULL = YES;
				CLANG_ANALYZER_NUMBER_OBJECT_CONVERSION = YES_AGGRESSIVE;
				CLANG_CXX_LANGUAGE_STANDARD = "gnu++14";
				CLANG_CXX_LIBRARY = "libc++";
				CLANG_ENABLE_MODULES = YES;
				CLANG_ENABLE_OBJC_ARC = YES;
				CLANG_WARN_BLOCK_CAPTURE_AUTORELEASING = YES;
				CLANG_WARN_BOOL_CONVERSION = YES;
				CLANG_WARN_COMMA = YES;
				CLANG_WARN_CONSTANT_CONVERSION = YES;
				CLANG_WARN_DIRECT_OBJC_ISA_USAGE = YES_ERROR;
				CLANG_WARN_DOCUMENTATION_COMMENTS = YES;
				CLANG_WARN_EMPTY_BODY = YES;
				CLANG_WARN_ENUM_CONVERSION = YES;
				CLANG_WARN_INFINITE_RECURSION = YES;
				CLANG_WARN_INT_CONVERSION = YES;
				CLANG_WARN_NON_LITERAL_NULL_CONVERSION = YES;
				CLANG_WARN_OBJC_LITERAL_CONVERSION = YES;
				CLANG_WARN_OBJC_ROOT_CLASS = YES_ERROR;
				CLANG_WARN_RANGE_LOOP_ANALYSIS = YES;
				CLANG_WARN_STRICT_PROTOTYPES = YES;
				CLANG_WARN_SUSPICIOUS_MOVE = YES;
				CLANG_WARN_UNGUARDED_AVAILABILITY = YES_AGGRESSIVE;
				CLANG_WARN_UNREACHABLE_CODE = YES;
				CLANG_WARN__DUPLICATE_METHOD_MATCH = YES;
				CODE_SIGN_IDENTITY = "iPhone Developer";
				COPY_PHASE_STRIP = NO;
				DEBUG_INFORMATION_FORMAT = dwarf;
				ENABLE_STRICT_OBJC_MSGSEND = YES;
				ENABLE_TESTABILITY = YES;
				GCC_C_LANGUAGE_STANDARD = gnu11;
				GCC_DYNAMIC_NO_PIC = NO;
				GCC_NO_COMMON_BLOCKS = YES;
				GCC_OPTIMIZATION_LEVEL = 0;
				GCC_PREPROCESSOR_DEFINITIONS = (
					"DEBUG=1",
					"$(inherited)",
				);
				GCC_WARN_64_TO_32_BIT_CONVERSION = YES;
				GCC_WARN_ABOUT_RETURN_TYPE = YES_ERROR;
				GCC_WARN_UNDECLARED_SELECTOR = YES;
				GCC_WARN_UNINITIALIZED_AUTOS = YES_AGGRESSIVE;
				GCC_WARN_UNUSED_FUNCTION = YES;
				GCC_WARN_UNUSED_VARIABLE = YES;
				IPHONEOS_DEPLOYMENT_TARGET = 11.0;
				MTL_ENABLE_DEBUG_INFO = YES;
				ONLY_ACTIVE_ARCH = YES;
				SDKROOT = iphoneos;
				SWIFT_ACTIVE_COMPILATION_CONDITIONS = DEBUG;
				SWIFT_OPTIMIZATION_LEVEL = "-Onone";
			};
			name = Debug;
		};
		FCB052151FAF4FC500FBE328 /* Release */ = {
			isa = XCBuildConfiguration;
			buildSettings = {
				ALWAYS_SEARCH_USER_PATHS = NO;
				CLANG_ANALYZER_NONNULL = YES;
				CLANG_ANALYZER_NUMBER_OBJECT_CONVERSION = YES_AGGRESSIVE;
				CLANG_CXX_LANGUAGE_STANDARD = "gnu++14";
				CLANG_CXX_LIBRARY = "libc++";
				CLANG_ENABLE_MODULES = YES;
				CLANG_ENABLE_OBJC_ARC = YES;
				CLANG_WARN_BLOCK_CAPTURE_AUTORELEASING = YES;
				CLANG_WARN_BOOL_CONVERSION = YES;
				CLANG_WARN_COMMA = YES;
				CLANG_WARN_CONSTANT_CONVERSION = YES;
				CLANG_WARN_DIRECT_OBJC_ISA_USAGE = YES_ERROR;
				CLANG_WARN_DOCUMENTATION_COMMENTS = YES;
				CLANG_WARN_EMPTY_BODY = YES;
				CLANG_WARN_ENUM_CONVERSION = YES;
				CLANG_WARN_INFINITE_RECURSION = YES;
				CLANG_WARN_INT_CONVERSION = YES;
				CLANG_WARN_NON_LITERAL_NULL_CONVERSION = YES;
				CLANG_WARN_OBJC_LITERAL_CONVERSION = YES;
				CLANG_WARN_OBJC_ROOT_CLASS = YES_ERROR;
				CLANG_WARN_RANGE_LOOP_ANALYSIS = YES;
				CLANG_WARN_STRICT_PROTOTYPES = YES;
				CLANG_WARN_SUSPICIOUS_MOVE = YES;
				CLANG_WARN_UNGUARDED_AVAILABILITY = YES_AGGRESSIVE;
				CLANG_WARN_UNREACHABLE_CODE = YES;
				CLANG_WARN__DUPLICATE_METHOD_MATCH = YES;
				CODE_SIGN_IDENTITY = "iPhone Developer";
				COPY_PHASE_STRIP = NO;
				DEBUG_INFORMATION_FORMAT = "dwarf-with-dsym";
				ENABLE_NS_ASSERTIONS = NO;
				ENABLE_STRICT_OBJC_MSGSEND = YES;
				GCC_C_LANGUAGE_STANDARD = gnu11;
				GCC_NO_COMMON_BLOCKS = YES;
				GCC_WARN_64_TO_32_BIT_CONVERSION = YES;
				GCC_WARN_ABOUT_RETURN_TYPE = YES_ERROR;
				GCC_WARN_UNDECLARED_SELECTOR = YES;
				GCC_WARN_UNINITIALIZED_AUTOS = YES_AGGRESSIVE;
				GCC_WARN_UNUSED_FUNCTION = YES;
				GCC_WARN_UNUSED_VARIABLE = YES;
				IPHONEOS_DEPLOYMENT_TARGET = 11.0;
				MTL_ENABLE_DEBUG_INFO = NO;
				SDKROOT = iphoneos;
				SWIFT_OPTIMIZATION_LEVEL = "-Owholemodule";
				VALIDATE_PRODUCT = YES;
			};
			name = Release;
		};
		FCB052171FAF4FC500FBE328 /* Debug */ = {
			isa = XCBuildConfiguration;
			buildSettings = {
				ASSETCATALOG_COMPILER_APPICON_NAME = AppIcon;
				CODE_SIGN_STYLE = Automatic;
				DEVELOPMENT_TEAM = TWQXYA585K;
				INFOPLIST_FILE = "Tip Calculator/Info.plist";
				LD_RUNPATH_SEARCH_PATHS = "$(inherited) @executable_path/Frameworks";
				PRODUCT_BUNDLE_IDENTIFIER = "com.Shaurya.Tip-Calculator";
				PRODUCT_NAME = "$(TARGET_NAME)";
				SWIFT_VERSION = 4.0;
				TARGETED_DEVICE_FAMILY = 1;
			};
			name = Debug;
		};
		FCB052181FAF4FC500FBE328 /* Release */ = {
			isa = XCBuildConfiguration;
			buildSettings = {
				ASSETCATALOG_COMPILER_APPICON_NAME = AppIcon;
				CODE_SIGN_STYLE = Automatic;
				DEVELOPMENT_TEAM = TWQXYA585K;
				INFOPLIST_FILE = "Tip Calculator/Info.plist";
				LD_RUNPATH_SEARCH_PATHS = "$(inherited) @executable_path/Frameworks";
				PRODUCT_BUNDLE_IDENTIFIER = "com.Shaurya.Tip-Calculator";
				PRODUCT_NAME = "$(TARGET_NAME)";
				SWIFT_VERSION = 4.0;
				TARGETED_DEVICE_FAMILY = 1;
			};
			name = Release;
		};
		FCB0521A1FAF4FC500FBE328 /* Debug */ = {
			isa = XCBuildConfiguration;
			buildSettings = {
				ALWAYS_EMBED_SWIFT_STANDARD_LIBRARIES = YES;
				BUNDLE_LOADER = "$(TEST_HOST)";
				CODE_SIGN_STYLE = Automatic;
				DEVELOPMENT_TEAM = TWQXYA585K;
				INFOPLIST_FILE = "Tip CalculatorTests/Info.plist";
				LD_RUNPATH_SEARCH_PATHS = "$(inherited) @executable_path/Frameworks @loader_path/Frameworks";
				PRODUCT_BUNDLE_IDENTIFIER = "com.Shaurya.Tip-CalculatorTests";
				PRODUCT_NAME = "$(TARGET_NAME)";
				SWIFT_VERSION = 4.0;
				TARGETED_DEVICE_FAMILY = "1,2";
				TEST_HOST = "$(BUILT_PRODUCTS_DIR)/Tip Calculator.app/Tip Calculator";
			};
			name = Debug;
		};
		FCB0521B1FAF4FC500FBE328 /* Release */ = {
			isa = XCBuildConfiguration;
			buildSettings = {
				ALWAYS_EMBED_SWIFT_STANDARD_LIBRARIES = YES;
				BUNDLE_LOADER = "$(TEST_HOST)";
				CODE_SIGN_STYLE = Automatic;
				DEVELOPMENT_TEAM = TWQXYA585K;
				INFOPLIST_FILE = "Tip CalculatorTests/Info.plist";
				LD_RUNPATH_SEARCH_PATHS = "$(inherited) @executable_path/Frameworks @loader_path/Frameworks";
				PRODUCT_BUNDLE_IDENTIFIER = "com.Shaurya.Tip-CalculatorTests";
				PRODUCT_NAME = "$(TARGET_NAME)";
				SWIFT_VERSION = 4.0;
				TARGETED_DEVICE_FAMILY = "1,2";
				TEST_HOST = "$(BUILT_PRODUCTS_DIR)/Tip Calculator.app/Tip Calculator";
			};
			name = Release;
		};
		FCB0521D1FAF4FC500FBE328 /* Debug */ = {
			isa = XCBuildConfiguration;
			buildSettings = {
				ALWAYS_EMBED_SWIFT_STANDARD_LIBRARIES = YES;
				CODE_SIGN_STYLE = Automatic;
				DEVELOPMENT_TEAM = TWQXYA585K;
				INFOPLIST_FILE = "Tip CalculatorUITests/Info.plist";
				LD_RUNPATH_SEARCH_PATHS = "$(inherited) @executable_path/Frameworks @loader_path/Frameworks";
				PRODUCT_BUNDLE_IDENTIFIER = "com.Shaurya.Tip-CalculatorUITests";
				PRODUCT_NAME = "$(TARGET_NAME)";
				SWIFT_VERSION = 4.0;
				TARGETED_DEVICE_FAMILY = "1,2";
				TEST_TARGET_NAME = "Tip Calculator";
			};
			name = Debug;
		};
		FCB0521E1FAF4FC500FBE328 /* Release */ = {
			isa = XCBuildConfiguration;
			buildSettings = {
				ALWAYS_EMBED_SWIFT_STANDARD_LIBRARIES = YES;
				CODE_SIGN_STYLE = Automatic;
				DEVELOPMENT_TEAM = TWQXYA585K;
				INFOPLIST_FILE = "Tip CalculatorUITests/Info.plist";
				LD_RUNPATH_SEARCH_PATHS = "$(inherited) @executable_path/Frameworks @loader_path/Frameworks";
				PRODUCT_BUNDLE_IDENTIFIER = "com.Shaurya.Tip-CalculatorUITests";
				PRODUCT_NAME = "$(TARGET_NAME)";
				SWIFT_VERSION = 4.0;
				TARGETED_DEVICE_FAMILY = "1,2";
				TEST_TARGET_NAME = "Tip Calculator";
			};
			name = Release;
		};
/* End XCBuildConfiguration section */

/* Begin XCConfigurationList section */
		FCB051E91FAF4FC500FBE328 /* Build configuration list for PBXProject "Tip Calculator" */ = {
			isa = XCConfigurationList;
			buildConfigurations = (
				FCB052141FAF4FC500FBE328 /* Debug */,
				FCB052151FAF4FC500FBE328 /* Release */,
			);
			defaultConfigurationIsVisible = 0;
			defaultConfigurationName = Release;
		};
		FCB052161FAF4FC500FBE328 /* Build configuration list for PBXNativeTarget "Tip Calculator" */ = {
			isa = XCConfigurationList;
			buildConfigurations = (
				FCB052171FAF4FC500FBE328 /* Debug */,
				FCB052181FAF4FC500FBE328 /* Release */,
			);
			defaultConfigurationIsVisible = 0;
			defaultConfigurationName = Release;
		};
		FCB052191FAF4FC500FBE328 /* Build configuration list for PBXNativeTarget "Tip CalculatorTests" */ = {
			isa = XCConfigurationList;
			buildConfigurations = (
				FCB0521A1FAF4FC500FBE328 /* Debug */,
				FCB0521B1FAF4FC500FBE328 /* Release */,
			);
			defaultConfigurationIsVisible = 0;
			defaultConfigurationName = Release;
		};
		FCB0521C1FAF4FC500FBE328 /* Build configuration list for PBXNativeTarget "Tip CalculatorUITests" */ = {
			isa = XCConfigurationList;
			buildConfigurations = (
				FCB0521D1FAF4FC500FBE328 /* Debug */,
				FCB0521E1FAF4FC500FBE328 /* Release */,
			);
			defaultConfigurationIsVisible = 0;
			defaultConfigurationName = Release;
		};
/* End XCConfigurationList section */
	};
	rootObject = FCB051E61FAF4FC500FBE328 /* Project object */;
}
